PODS:
  - Nimble (HEAD based on 2.0.0-rc.1)
  - Quick (0.4.0)
  - SequenceOperation (0.1.0)

DEPENDENCIES:
  - Nimble (HEAD)
  - Quick
  - SequenceOperation (from `../`)

EXTERNAL SOURCES:
  SequenceOperation:
    :path: "../"

SPEC CHECKSUMS:
  Nimble: 9572458605e65c9fc5a56754ab19a970f6ab5a88
  Quick: 2286bfff349102670c6d2dafd0d2cefab42f5f0b
  SequenceOperation: af159a90c9a68cc91572748bb09d654fd5ee564d

COCOAPODS: 0.36.4
